github.com/disintegration/imaging v1.6.0 h1:nVPXRUUQ36Z7MNf0O77UzgnOb1mkMMor7lmJMJXc/mA=
github.com/disintegration/imaging v1.6.0/go.mod h1:xuIt+sRxDFrHS0drzXUlCJthkJ8k7lkkUojDSR247MQ=
github.com/gocarina/gocsv v0.0.0-20190313153828-c075544dca88 h1:5LpQh+LOxj+TkkgajWlWBlCeBagmKD+/i+IdA13XSlk=
github.com/gocarina/gocsv v0.0.0-20190313153828-c075544dca88/go.mod h1:/oj50ZdPq/cUjA02lMZhijk5kR31SEydKyqah1OgBuo=
github.com/google/uuid v1.1.1 h1:Gkbcsh/GbpXz7lPftLA3P6TYMwjCLYm83jiFQZF/3gY=
github.com/google/uuid v1.1.1/go.mod h1:TIyPZe4MgqvfeYDBFedMoGGpEw/LqOeaOT+nhxU+yHo=
github.com/joho/godotenv v1.3.0 h1:Zjp+RcGpHhGlrMbJzXTrZZPrWj+1vfm90La1wgB6Bhc=
github.com/joho/godotenv v1.3.0/go.mod h1:7hK45KPybAkOC6peb+G5yklZfMxEjkZhHbwpqxOKXbg=
github.com/karalabe/xgo v0.0.0-20190301120235-2d6d1848fb02 h1:nI4Q7WQDcng8eRmi8bRP1SXlJIYLkgdgR7ZhJuzPbhs=
github.com/karalabe/xgo v0.0.0-20190301120235-2d6d1848fb02/go.mod h1:iYGcTYIPUvEWhFo6aKUuLchs+AV4ssYdyuBbQJZGcBk=
github.com/lukeroth/gdal v0.0.0-20190308162728-12281a1fa6b3 h1:gcSeeBY3cg8q1qnZcYpoBdpKfWM+3gJJRVPoFB154UA=
github.com/lukeroth/gdal v0.0.0-20190308162728-12281a1fa6b3/go.mod h1:b5WotsJtp/ZDsNP4oK/e0QCh9vay05awhSB9/YegW0Q=
github.com/spf13/cobra v0.0.3 h1:ZlrZ4XsMRm04Fr5pSFxBgfND2EBVa1nLpiy1stUsX/8=
github.com/spf13/cobra v0.0.3/go.mod h1:1l0Ry5zgKvJasoi3XT1TypsSe7PqH0Sj9dhYf7v3XqQ=
github.com/spf13/pflag v1.0.3 h1:zPAT6CGy6wXeQ7NtTnaTerfKOsV6V6F8agHXFiazDkg=
github.com/spf13/pflag v1.0.3/go.mod h1:DYY7MBk1bdzusC3SYhjObp+wFpr4gzcvqqNjLnInEg4=
golang.org/x/image v0.0.0-20180708004352-c73c2afc3b81 h1:00VmoueYNlNz/aHIilyyQz/MHSqGoWJzpFv/HW8xpzI=
golang.org/x/image v0.0.0-20180708004352-c73c2afc3b81/go.mod h1:ux5Hcp/YLpHSI86hEcLt0YII63i6oz57MZXIpbrjZUs=
golang.org/x/time v0.0.0-20190308202827-9d24e82272b4 h1:SvFZT6jyqRaOeXpc5h/JSfZenJ2O330aBsf7JfSUXmQ=
golang.org/x/time v0.0.0-20190308202827-9d24e82272b4/go.mod h1:tRJNPiyCQ0inRvYxbN9jk5I+vvW/OXSQhTDSoE431IQ=
googlemaps.github.io/maps v0.0.0-20190311183511-743053230cec h1:zqd4aMgQfDDKdTlw0A/NiIX0Ndat/2sl+X3hI1hRsS0=
googlemaps.github.io/maps v0.0.0-20190311183511-743053230cec/go.mod h1:skwIRP56b3wXI7uVor5+NBjKLuQ3WXPpUvSKq4k7luo=
